// !$*UTF8*$!
{
	archiveVersion = 1;
	classes = {
	};
	objectVersion = 50;
	objects = {

/* Begin PBXBuildFile section */
		DA3DB3B22730199C00D47C45 /* AppDelegate.swift in Sources */ = {isa = PBXBuildFile; fileRef = DA3DB3B12730199C00D47C45 /* AppDelegate.swift */; };
		DA3DB3B42730199C00D47C45 /* SceneDelegate.swift in Sources */ = {isa = PBXBuildFile; fileRef = DA3DB3B32730199C00D47C45 /* SceneDelegate.swift */; };
		DA3DB3B62730199C00D47C45 /* HomepageViewController.swift in Sources */ = {isa = PBXBuildFile; fileRef = DA3DB3B52730199C00D47C45 /* HomepageViewController.swift */; };
		DA3DB3B92730199C00D47C45 /* Main.storyboard in Resources */ = {isa = PBXBuildFile; fileRef = DA3DB3B72730199C00D47C45 /* Main.storyboard */; };
		DA3DB3BB2730199D00D47C45 /* Assets.xcassets in Resources */ = {isa = PBXBuildFile; fileRef = DA3DB3BA2730199D00D47C45 /* Assets.xcassets */; };
		DA3DB3BE2730199D00D47C45 /* LaunchScreen.storyboard in Resources */ = {isa = PBXBuildFile; fileRef = DA3DB3BC2730199D00D47C45 /* LaunchScreen.storyboard */; };
		DADF391E27301ED300D78CD2 /* SingleViewController.swift in Sources */ = {isa = PBXBuildFile; fileRef = DADF391D27301ED300D78CD2 /* SingleViewController.swift */; };
		DADF39212730382E00D78CD2 /* Tools.swift in Sources */ = {isa = PBXBuildFile; fileRef = DADF39202730382E00D78CD2 /* Tools.swift */; };
		DADF392427303AF000D78CD2 /* ItemData.swift in Sources */ = {isa = PBXBuildFile; fileRef = DADF392327303AF000D78CD2 /* ItemData.swift */; };
/* End PBXBuildFile section */

/* Begin PBXFileReference section */
		DA3DB3AE2730199C00D47C45 /* zhangdan.app */ = {isa = PBXFileReference; explicitFileType = wrapper.application; includeInIndex = 0; path = zhangdan.app; sourceTree = BUILT_PRODUCTS_DIR; };
		DA3DB3B12730199C00D47C45 /* AppDelegate.swift */ = {isa = PBXFileReference; lastKnownFileType = sourcecode.swift; path = AppDelegate.swift; sourceTree = "<group>"; };
		DA3DB3B32730199C00D47C45 /* SceneDelegate.swift */ = {isa = PBXFileReference; lastKnownFileType = sourcecode.swift; path = SceneDelegate.swift; sourceTree = "<group>"; };
		DA3DB3B52730199C00D47C45 /* HomepageViewController.swift */ = {isa = PBXFileReference; lastKnownFileType = sourcecode.swift; path = HomepageViewController.swift; sourceTree = "<group>"; };
		DA3DB3B82730199C00D47C45 /* Base */ = {isa = PBXFileReference; lastKnownFileType = file.storyboard; name = Base; path = Base.lproj/Main.storyboard; sourceTree = "<group>"; };
		DA3DB3BA2730199D00D47C45 /* Assets.xcassets */ = {isa = PBXFileReference; lastKnownFileType = folder.assetcatalog; path = Assets.xcassets; sourceTree = "<group>"; };
		DA3DB3BD2730199D00D47C45 /* Base */ = {isa = PBXFileReference; lastKnownFileType = file.storyboard; name = Base; path = Base.lproj/LaunchScreen.storyboard; sourceTree = "<group>"; };
		DA3DB3BF2730199D00D47C45 /* Info.plist */ = {isa = PBXFileReference; lastKnownFileType = text.plist.xml; path = Info.plist; sourceTree = "<group>"; };
		DADF391D27301ED300D78CD2 /* SingleViewController.swift */ = {isa = PBXFileReference; lastKnownFileType = sourcecode.swift; path = SingleViewController.swift; sourceTree = "<group>"; };
		DADF39202730382E00D78CD2 /* Tools.swift */ = {isa = PBXFileReference; lastKnownFileType = sourcecode.swift; path = Tools.swift; sourceTree = "<group>"; };
		DADF392327303AF000D78CD2 /* ItemData.swift */ = {isa = PBXFileReference; lastKnownFileType = sourcecode.swift; path = ItemData.swift; sourceTree = "<group>"; };
/* End PBXFileReference section */

/* Begin PBXFrameworksBuildPhase section */
		DA3DB3AB2730199C00D47C45 /* Frameworks */ = {
			isa = PBXFrameworksBuildPhase;
			buildActionMask = 2147483647;
			files = (
			);
			runOnlyForDeploymentPostprocessing = 0;
		};
/* End PBXFrameworksBuildPhase section */

/* Begin PBXGroup section */
		DA3DB3A52730199C00D47C45 = {
			isa = PBXGroup;
			children = (
				DA3DB3B02730199C00D47C45 /* zhangdan */,
				DA3DB3AF2730199C00D47C45 /* Products */,
			);
			sourceTree = "<group>";
		};
		DA3DB3AF2730199C00D47C45 /* Products */ = {
			isa = PBXGroup;
			children = (
				DA3DB3AE2730199C00D47C45 /* zhangdan.app */,
			);
			name = Products;
			sourceTree = "<group>";
		};
		DA3DB3B02730199C00D47C45 /* zhangdan */ = {
			isa = PBXGroup;
			children = (
				DA3DB3B12730199C00D47C45 /* AppDelegate.swift */,
				DA3DB3B32730199C00D47C45 /* SceneDelegate.swift */,
				DA3DB3B52730199C00D47C45 /* HomepageViewController.swift */,
				DADF391D27301ED300D78CD2 /* SingleViewController.swift */,
				DADF392327303AF000D78CD2 /* ItemData.swift */,
				DADF39202730382E00D78CD2 /* Tools.swift */,
				DA3DB3B72730199C00D47C45 /* Main.storyboard */,
				DA3DB3BA2730199D00D47C45 /* Assets.xcassets */,
				DA3DB3BC2730199D00D47C45 /* LaunchScreen.storyboard */,
				DA3DB3BF2730199D00D47C45 /* Info.plist */,
			);
			path = zhangdan;
			sourceTree = "<group>";
		};
/* End PBXGroup section */

/* Begin PBXNativeTarget section */
		DA3DB3AD2730199C00D47C45 /* zhangdan */ = {
			isa = PBXNativeTarget;
			buildConfigurationList = DA3DB3C22730199D00D47C45 /* Build configuration list for PBXNativeTarget "zhangdan" */;
			buildPhases = (
				DA3DB3AA2730199C00D47C45 /* Sources */,
				DA3DB3AB2730199C00D47C45 /* Frameworks */,
				DA3DB3AC2730199C00D47C45 /* Resources */,
			);
			buildRules = (
			);
			dependencies = (
			);
			name = zhangdan;
			productName = zhangdan;
			productReference = DA3DB3AE2730199C00D47C45 /* zhangdan.app */;
			productType = "com.apple.product-type.application";
		};
/* End PBXNativeTarget section */

/* Begin PBXProject section */
		DA3DB3A62730199C00D47C45 /* Project object */ = {
			isa = PBXProject;
			attributes = {
				LastSwiftUpdateCheck = 1240;
				LastUpgradeCheck = 1240;
				TargetAttributes = {
					DA3DB3AD2730199C00D47C45 = {
						CreatedOnToolsVersion = 12.4;
					};
				};
			};
			buildConfigurationList = DA3DB3A92730199C00D47C45 /* Build configuration list for PBXProject "zhangdan" */;
			compatibilityVersion = "Xcode 9.3";
			developmentRegion = en;
			hasScannedForEncodings = 0;
			knownRegions = (
				en,
				Base,
			);
			mainGroup = DA3DB3A52730199C00D47C45;
			productRefGroup = DA3DB3AF2730199C00D47C45 /* Products */;
			projectDirPath = "";
			projectRoot = "";
			targets = (
				DA3DB3AD2730199C00D47C45 /* zhangdan */,
			);
		};
/* End PBXProject section */

/* Begin PBXResourcesBuildPhase section */
		DA3DB3AC2730199C00D47C45 /* Resources */ = {
			isa = PBXResourcesBuildPhase;
			buildActionMask = 2147483647;
			files = (
				DA3DB3BE2730199D00D47C45 /* LaunchScreen.storyboard in Resources */,
				DA3DB3BB2730199D00D47C45 /* Assets.xcassets in Resources */,
				DA3DB3B92730199C00D47C45 /* Main.storyboard in Resources */,
			);
			runOnlyForDeploymentPostprocessing = 0;
		};
/* End PBXResourcesBuildPhase section */

/* Begin PBXSourcesBuildPhase section */
		DA3DB3AA2730199C00D47C45 /* Sources */ = {
			isa = PBXSourcesBuildPhase;
			buildActionMask = 2147483647;
			files = (
				DA3DB3B62730199C00D47C45 /* HomepageViewController.swift in Sources */,
				DA3DB3B22730199C00D47C45 /* AppDelegate.swift in Sources */,
				DADF392427303AF000D78CD2 /* ItemData.swift in Sources */,
				DADF391E27301ED300D78CD2 /* SingleViewController.swift in Sources */,
				DA3DB3B42730199C00D47C45 /* SceneDelegate.swift in Sources */,
				DADF39212730382E00D78CD2 /* Tools.swift in Sources */,
			);
			runOnlyForDeploymentPostprocessing = 0;
		};
/* End PBXSourcesBuildPhase section */

/* Begin PBXVariantGroup section */
		DA3DB3B72730199C00D47C45 /* Main.storyboard */ = {
			isa = PBXVariantGroup;
			children = (
				DA3DB3B82730199C00D47C45 /* Base */,
			);
			name = Main.storyboard;
			sourceTree = "<group>";
		};
		DA3DB3BC2730199D00D47C45 /* LaunchScreen.storyboard */ = {
			isa = PBXVariantGroup;
			children = (
				DA3DB3BD2730199D00D47C45 /* Base */,
			);
			name = LaunchScreen.storyboard;
			sourceTree = "<group>";
		};
/* End PBXVariantGroup section */

/* Begin XCBuildConfiguration section */
		DA3DB3C02730199D00D47C45 /* Debug */ = {
			isa = XCBuildConfiguration;
			buildSettings = {
				ALWAYS_SEARCH_USER_PATHS = NO;
				CLANG_ANALYZER_NONNULL = YES;
				CLANG_ANALYZER_NUMBER_OBJECT_CONVERSION = YES_AGGRESSIVE;
				CLANG_CXX_LANGUAGE_STANDARD = "gnu++14";
				CLANG_CXX_LIBRARY = "libc++";
				CLANG_ENABLE_MODULES = YES;
				CLANG_ENABLE_OBJC_ARC = YES;
				CLANG_ENABLE_OBJC_WEAK = YES;
				CLANG_WARN_BLOCK_CAPTURE_AUTORELEASING = YES;
				CLANG_WARN_BOOL_CONVERSION = YES;
				CLANG_WARN_COMMA = YES;
				CLANG_WARN_CONSTANT_CONVERSION = YES;
				CLANG_WARN_DEPRECATED_OBJC_IMPLEMENTATIONS = YES;
				CLANG_WARN_DIRECT_OBJC_ISA_USAGE = YES_ERROR;
				CLANG_WARN_DOCUMENTATION_COMMENTS = YES;
				CLANG_WARN_EMPTY_BODY = YES;
				CLANG_WARN_ENUM_CONVERSION = YES;
				CLANG_WARN_INFINITE_RECURSION = YES;
				CLANG_WARN_INT_CONVERSION = YES;
				CLANG_WARN_NON_LITERAL_NULL_CONVERSION = YES;
				CLANG_WARN_OBJC_IMPLICIT_RETAIN_SELF = YES;
				CLANG_WARN_OBJC_LITERAL_CONVERSION = YES;
				CLANG_WARN_OBJC_ROOT_CLASS = YES_ERROR;
				CLANG_WARN_QUOTED_INCLUDE_IN_FRAMEWORK_HEADER = YES;
				CLANG_WARN_RANGE_LOOP_ANALYSIS = YES;
				CLANG_WARN_STRICT_PROTOTYPES = YES;
				CLANG_WARN_SUSPICIOUS_MOVE = YES;
				CLANG_WARN_UNGUARDED_AVAILABILITY = YES_AGGRESSIVE;
				CLANG_WARN_UNREACHABLE_CODE = YES;
				CLANG_WARN__DUPLICATE_METHOD_MATCH = YES;
				COPY_PHASE_STRIP = NO;
				DEBUG_INFORMATION_FORMAT = dwarf;
				ENABLE_STRICT_OBJC_MSGSEND = YES;
				ENABLE_TESTABILITY = YES;
				GCC_C_LANGUAGE_STANDARD = gnu11;
				GCC_DYNAMIC_NO_PIC = NO;
				GCC_NO_COMMON_BLOCKS = YES;
				GCC_OPTIMIZATION_LEVEL = 0;
				GCC_PREPROCESSOR_DEFINITIONS = (
					"DEBUG=1",
					"$(inherited)",
				);
				GCC_WARN_64_TO_32_BIT_CONVERSION = YES;
				GCC_WARN_ABOUT_RETURN_TYPE = YES_ERROR;
				GCC_WARN_UNDECLARED_SELECTOR = YES;
				GCC_WARN_UNINITIALIZED_AUTOS = YES_AGGRESSIVE;
				GCC_WARN_UNUSED_FUNCTION = YES;
				GCC_WARN_UNUSED_VARIABLE = YES;
				IPHONEOS_DEPLOYMENT_TARGET = 14.4;
				MTL_ENABLE_DEBUG_INFO = INCLUDE_SOURCE;
				MTL_FAST_MATH = YES;
				ONLY_ACTIVE_ARCH = YES;
				SDKROOT = iphoneos;
				SWIFT_ACTIVE_COMPILATION_CONDITIONS = DEBUG;
				SWIFT_OPTIMIZATION_LEVEL = "-Onone";
			};
			name = Debug;
		};
		DA3DB3C12730199D00D47C45 /* Release */ = {
			isa = XCBuildConfiguration;
			buildSettings = {
				ALWAYS_SEARCH_USER_PATHS = NO;
				CLANG_ANALYZER_NONNULL = YES;
				CLANG_ANALYZER_NUMBER_OBJECT_CONVERSION = YES_AGGRESSIVE;
				CLANG_CXX_LANGUAGE_STANDARD = "gnu++14";
				CLANG_CXX_LIBRARY = "libc++";
				CLANG_ENABLE_MODULES = YES;
				CLANG_ENABLE_OBJC_ARC = YES;
				CLANG_ENABLE_OBJC_WEAK = YES;
				CLANG_WARN_BLOCK_CAPTURE_AUTORELEASING = YES;
				CLANG_WARN_BOOL_CONVERSION = YES;
				CLANG_WARN_COMMA = YES;
				CLANG_WARN_CONSTANT_CONVERSION = YES;
				CLANG_WARN_DEPRECATED_OBJC_IMPLEMENTATIONS = YES;
				CLANG_WARN_DIRECT_OBJC_ISA_USAGE = YES_ERROR;
				CLANG_WARN_DOCUMENTATION_COMMENTS = YES;
				CLANG_WARN_EMPTY_BODY = YES;
				CLANG_WARN_ENUM_CONVERSION = YES;
				CLANG_WARN_INFINITE_RECURSION = YES;
				CLANG_WARN_INT_CONVERSION = YES;
				CLANG_WARN_NON_LITERAL_NULL_CONVERSION = YES;
				CLANG_WARN_OBJC_IMPLICIT_RETAIN_SELF = YES;
				CLANG_WARN_OBJC_LITERAL_CONVERSION = YES;
				CLANG_WARN_OBJC_ROOT_CLASS = YES_ERROR;
				CLANG_WARN_QUOTED_INCLUDE_IN_FRAMEWORK_HEADER = YES;
				CLANG_WARN_RANGE_LOOP_ANALYSIS = YES;
				CLANG_WARN_STRICT_PROTOTYPES = YES;
				CLANG_WARN_SUSPICIOUS_MOVE = YES;
				CLANG_WARN_UNGUARDED_AVAILABILITY = YES_AGGRESSIVE;
				CLANG_WARN_UNREACHABLE_CODE = YES;
				CLANG_WARN__DUPLICATE_METHOD_MATCH = YES;
				COPY_PHASE_STRIP = NO;
				DEBUG_INFORMATION_FORMAT = "dwarf-with-dsym";
				ENABLE_NS_ASSERTIONS = NO;
				ENABLE_STRICT_OBJC_MSGSEND = YES;
				GCC_C_LANGUAGE_STANDARD = gnu11;
				GCC_NO_COMMON_BLOCKS = YES;
				GCC_WARN_64_TO_32_BIT_CONVERSION = YES;
				GCC_WARN_ABOUT_RETURN_TYPE = YES_ERROR;
				GCC_WARN_UNDECLARED_SELECTOR = YES;
				GCC_WARN_UNINITIALIZED_AUTOS = YES_AGGRESSIVE;
				GCC_WARN_UNUSED_FUNCTION = YES;
				GCC_WARN_UNUSED_VARIABLE = YES;
				IPHONEOS_DEPLOYMENT_TARGET = 14.4;
				MTL_ENABLE_DEBUG_INFO = NO;
				MTL_FAST_MATH = YES;
				SDKROOT = iphoneos;
				SWIFT_COMPILATION_MODE = wholemodule;
				SWIFT_OPTIMIZATION_LEVEL = "-O";
				VALIDATE_PRODUCT = YES;
			};
			name = Release;
		};
		DA3DB3C32730199D00D47C45 /* Debug */ = {
			isa = XCBuildConfiguration;
			buildSettings = {
				ASSETCATALOG_COMPILER_APPICON_NAME = AppIcon;
				ASSETCATALOG_COMPILER_GLOBAL_ACCENT_COLOR_NAME = AccentColor;
				CODE_SIGN_STYLE = Automatic;
				DEVELOPMENT_TEAM = GUWSW9UAC7;
				INFOPLIST_FILE = zhangdan/Info.plist;
				IPHONEOS_DEPLOYMENT_TARGET = 14.1;
				LD_RUNPATH_SEARCH_PATHS = (
					"$(inherited)",
					"@executable_path/Frameworks",
				);
				PRODUCT_BUNDLE_IDENTIFIER = "com.chonghaozhang1998-gmail.zhangdan";
				PRODUCT_NAME = "$(TARGET_NAME)";
				SWIFT_VERSION = 5.0;
				TARGETED_DEVICE_FAMILY = "1,2";
			};
			name = Debug;
		};
		DA3DB3C42730199D00D47C45 /* Release */ = {
			isa = XCBuildConfiguration;
			buildSettings = {
				ASSETCATALOG_COMPILER_APPICON_NAME = AppIcon;
				ASSETCATALOG_COMPILER_GLOBAL_ACCENT_COLOR_NAME = AccentColor;
				CODE_SIGN_STYLE = Automatic;
				DEVELOPMENT_TEAM = GUWSW9UAC7;
				INFOPLIST_FILE = zhangdan/Info.plist;
				IPHONEOS_DEPLOYMENT_TARGET = 14.1;
				LD_RUNPATH_SEARCH_PATHS = (
					"$(inherited)",
					"@executable_path/Frameworks",
				);
				PRODUCT_BUNDLE_IDENTIFIER = "com.chonghaozhang1998-gmail.zhangdan";
				PRODUCT_NAME = "$(TARGET_NAME)";
				SWIFT_VERSION = 5.0;
				TARGETED_DEVICE_FAMILY = "1,2";
			};
			name = Release;
		};
/* End XCBuildConfiguration section */

/* Begin XCConfigurationList section */
		DA3DB3A92730199C00D47C45 /* Build configuration list for PBXProject "zhangdan" */ = {
			isa = XCConfigurationList;
			buildConfigurations = (
				DA3DB3C02730199D00D47C45 /* Debug */,
				DA3DB3C12730199D00D47C45 /* Release */,
			);
			defaultConfigurationIsVisible = 0;
			defaultConfigurationName = Release;
		};
		DA3DB3C22730199D00D47C45 /* Build configuration list for PBXNativeTarget "zhangdan" */ = {
			isa = XCConfigurationList;
			buildConfigurations = (
				DA3DB3C32730199D00D47C45 /* Debug */,
				DA3DB3C42730199D00D47C45 /* Release */,
			);
			defaultConfigurationIsVisible = 0;
			defaultConfigurationName = Release;
		};
/* End XCConfigurationList section */
	};
	rootObject = DA3DB3A62730199C00D47C45 /* Project object */;
}
